
Microsoft Visual Studio Solution File, Format Version 12.00
# Visual Studio Version 16
VisualStudioVersion = 16.0.32126.315
MinimumVisualStudioVersion = 10.0.40219.1
Project("{8BC9CEB8-8B4A-11D0-8D11-00A0C91BC942}") = "BTC500", "BTC500.vcxproj", "{E83AAF39-6885-4B5B-B5B1-66E19A22B5BC}"
EndProject
Global
	GlobalSection(SolutionConfigurationPlatforms) = preSolution
		Debug|x64 = Debug|x64
		Debug|x86 = Debug|x86
		Release|x64 = Release|x64
		Release|x86 = Release|x86
	EndGlobalSection
	GlobalSection(ProjectConfigurationPlatforms) = postSolution
		{E83AAF39-6885-4B5B-B5B1-66E19A22B5BC}.Debug|x64.ActiveCfg = Debug|x64
		{E83AAF39-6885-4B5B-B5B1-66E19A22B5BC}.Debug|x64.Build.0 = Debug|x64
		{E83AAF39-6885-4B5B-B5B1-66E19A22B5BC}.Debug|x86.ActiveCfg = Debug|Win32
		{E83AAF39-6885-4B5B-B5B1-66E19A22B5BC}.Debug|x86.Build.0 = Debug|Win32
		{E83AAF39-6885-4B5B-B5B1-66E19A22B5BC}.Release|x64.ActiveCfg = Release|x64
		{E83AAF39-6885-4B5B-B5B1-66E19A22B5BC}.Release|x64.Build.0 = Release|x64
		{E83AAF39-6885-4B5B-B5B1-66E19A22B5BC}.Release|x86.ActiveCfg = Release|Win32
		{E83AAF39-6885-4B5B-B5B1-66E19A22B5BC}.Release|x86.Build.0 = Release|Win32
	EndGlobalSection
	GlobalSection(SolutionProperties) = preSolution
		HideSolutionNode = FALSE
	EndGlobalSection
	GlobalSection(ExtensibilityGlobals) = postSolution
		SolutionGuid = {C16E84A2-C97A-4C1D-A07C-E1C5214D8C2F}
	EndGlobalSection
EndGlobal
